
Microsoft Visual Studio Solution File, Format Version 10.00
# Visual Studio 2008
Project("{FAE04EC0-301F-11D3-BF4B-00C04F79EFBC}") = "SharpTeam.PollClient", "SharpTeam.PollClient.csproj", "{A3C13730-641E-4DC1-83E5-C00EC06C4804}"
EndProject
Global
	GlobalSection(SolutionConfigurationPlatforms) = preSolution
		Debug|Any CPU = Debug|Any CPU
		Release|Any CPU = Release|Any CPU
	EndGlobalSection
	GlobalSection(ProjectConfigurationPlatforms) = postSolution
		{A3C13730-641E-4DC1-83E5-C00EC06C4804}.Debug|Any CPU.ActiveCfg = Debug|Any CPU
		{A3C13730-641E-4DC1-83E5-C00EC06C4804}.Debug|Any CPU.Build.0 = Debug|Any CPU
		{A3C13730-641E-4DC1-83E5-C00EC06C4804}.Release|Any CPU.ActiveCfg = Release|Any CPU
		{A3C13730-641E-4DC1-83E5-C00EC06C4804}.Release|Any CPU.Build.0 = Release|Any CPU
	EndGlobalSection
	GlobalSection(SolutionProperties) = preSolution
		HideSolutionNode = FALSE
	EndGlobalSection
EndGlobal
