
Microsoft Visual Studio Solution File, Format Version 10.00
# Visual Studio 2008
Project("{FAE04EC0-301F-11D3-BF4B-00C04F79EFBC}") = "Ilsrep.PollApplication.PollClient", "Ilsrep.PollApplication.PollClient\Ilsrep.PollApplication.PollClient.csproj", "{A3C13730-641E-4DC1-83E5-C00EC06C4804}"
EndProject
Project("{FAE04EC0-301F-11D3-BF4B-00C04F79EFBC}") = "Ilsrep.PollApplication.PollEditor", "Ilsrep.PollApplication.PollEditor\Ilsrep.PollApplication.PollEditor.csproj", "{33A77EBA-C5FF-44CD-A8C4-EA3082C1A5C3}"
EndProject
Project("{FAE04EC0-301F-11D3-BF4B-00C04F79EFBC}") = "Ilsrep.PollApplication.PollServerWinService", "Ilsrep.PollApplication.PollServer\Ilsrep.PollApplication.PollServerWinService.csproj", "{66FA0406-4697-46B8-AA2E-F01802AC510C}"
EndProject
Project("{FAE04EC0-301F-11D3-BF4B-00C04F79EFBC}") = "Ilsrep.PollApplication.PollProtocol", "Ilsrep.PollApplication.Protocol\Ilsrep.PollApplication.PollProtocol.csproj", "{97BFC9FF-DB20-4465-8FF0-6FB8CD4B0080}"
EndProject
Project("{FAE04EC0-301F-11D3-BF4B-00C04F79EFBC}") = "Ilsrep.Common", "Ilsrep.Common\Ilsrep.Common.csproj", "{B00F7C13-0DE1-48F4-BC78-F9FB6F367980}"
EndProject
Project("{FAE04EC0-301F-11D3-BF4B-00C04F79EFBC}") = "Ilsrep.PollApplication.PollClientGUI", "Ilsrep.PollApplication.PollClientGUI\Ilsrep.PollApplication.PollClientGUI.csproj", "{FCD098CA-ADD1-4CBA-8320-C3D764831A6A}"
EndProject
Project("{FAE04EC0-301F-11D3-BF4B-00C04F79EFBC}") = "Ilsrep.PollApplication.PollServerConsole", "Ilsrep.PollApplication.PollServerConsole\Ilsrep.PollApplication.PollServerConsole.csproj", "{2DF1BE7A-3C46-4E0E-AD26-DAA0D7781A01}"
EndProject
Project("{E24C65DC-7377-472B-9ABA-BC803B73C61A}") = "Web", "Web\", "{EEA2CCE5-E402-4C0C-8CCA-83C610317343}"
	ProjectSection(WebsiteProperties) = preProject
		TargetFramework = "3.5"
		ProjectReferences = "{97BFC9FF-DB20-4465-8FF0-6FB8CD4B0080}|Ilsrep.PollApplication.PollProtocol.dll;{B00F7C13-0DE1-48F4-BC78-F9FB6F367980}|Ilsrep.Common.dll;"
		Debug.AspNetCompiler.VirtualPath = "/Web"
		Debug.AspNetCompiler.PhysicalPath = "Web\"
		Debug.AspNetCompiler.TargetPath = "PrecompiledWeb\Web\"
		Debug.AspNetCompiler.Updateable = "true"
		Debug.AspNetCompiler.ForceOverwrite = "true"
		Debug.AspNetCompiler.FixedNames = "false"
		Debug.AspNetCompiler.Debug = "True"
		Release.AspNetCompiler.VirtualPath = "/Web"
		Release.AspNetCompiler.PhysicalPath = "Web\"
		Release.AspNetCompiler.TargetPath = "PrecompiledWeb\Web\"
		Release.AspNetCompiler.Updateable = "true"
		Release.AspNetCompiler.ForceOverwrite = "true"
		Release.AspNetCompiler.FixedNames = "false"
		Release.AspNetCompiler.Debug = "False"
		VWDPort = "2042"
	EndProjectSection
EndProject
Project("{54435603-DBB4-11D2-8724-00A0C9A8B90C}") = "PollServerServiceSetup", "PollServerServiceSetup\PollServerServiceSetup.vdproj", "{EC82C57F-AB89-425C-AF26-1C970D970DF9}"
EndProject
Project("{FAE04EC0-301F-11D3-BF4B-00C04F79EFBC}") = "Ilsrep.PollApplication.PollWebService", "Ilsrep.PollApplication.PollWebService\Ilsrep.PollApplication.PollWebService.csproj", "{278A2DC3-7FE2-43E6-A360-8CA7473BF133}"
EndProject
Global
	GlobalSection(SolutionConfigurationPlatforms) = preSolution
		Debug|.NET = Debug|.NET
		Debug|Any CPU = Debug|Any CPU
		Debug|Mixed Platforms = Debug|Mixed Platforms
		Release|.NET = Release|.NET
		Release|Any CPU = Release|Any CPU
		Release|Mixed Platforms = Release|Mixed Platforms
	EndGlobalSection
	GlobalSection(ProjectConfigurationPlatforms) = postSolution
		{A3C13730-641E-4DC1-83E5-C00EC06C4804}.Debug|.NET.ActiveCfg = Debug|Any CPU
		{A3C13730-641E-4DC1-83E5-C00EC06C4804}.Debug|Any CPU.ActiveCfg = Debug|Any CPU
		{A3C13730-641E-4DC1-83E5-C00EC06C4804}.Debug|Any CPU.Build.0 = Debug|Any CPU
		{A3C13730-641E-4DC1-83E5-C00EC06C4804}.Debug|Mixed Platforms.ActiveCfg = Debug|Any CPU
		{A3C13730-641E-4DC1-83E5-C00EC06C4804}.Debug|Mixed Platforms.Build.0 = Debug|Any CPU
		{A3C13730-641E-4DC1-83E5-C00EC06C4804}.Release|.NET.ActiveCfg = Release|Any CPU
		{A3C13730-641E-4DC1-83E5-C00EC06C4804}.Release|Any CPU.ActiveCfg = Release|Any CPU
		{A3C13730-641E-4DC1-83E5-C00EC06C4804}.Release|Any CPU.Build.0 = Release|Any CPU
		{A3C13730-641E-4DC1-83E5-C00EC06C4804}.Release|Mixed Platforms.ActiveCfg = Release|Any CPU
		{A3C13730-641E-4DC1-83E5-C00EC06C4804}.Release|Mixed Platforms.Build.0 = Release|Any CPU
		{33A77EBA-C5FF-44CD-A8C4-EA3082C1A5C3}.Debug|.NET.ActiveCfg = Debug|Any CPU
		{33A77EBA-C5FF-44CD-A8C4-EA3082C1A5C3}.Debug|Any CPU.ActiveCfg = Debug|Any CPU
		{33A77EBA-C5FF-44CD-A8C4-EA3082C1A5C3}.Debug|Any CPU.Build.0 = Debug|Any CPU
		{33A77EBA-C5FF-44CD-A8C4-EA3082C1A5C3}.Debug|Mixed Platforms.ActiveCfg = Debug|Any CPU
		{33A77EBA-C5FF-44CD-A8C4-EA3082C1A5C3}.Debug|Mixed Platforms.Build.0 = Debug|Any CPU
		{33A77EBA-C5FF-44CD-A8C4-EA3082C1A5C3}.Release|.NET.ActiveCfg = Release|Any CPU
		{33A77EBA-C5FF-44CD-A8C4-EA3082C1A5C3}.Release|Any CPU.ActiveCfg = Release|Any CPU
		{33A77EBA-C5FF-44CD-A8C4-EA3082C1A5C3}.Release|Any CPU.Build.0 = Release|Any CPU
		{33A77EBA-C5FF-44CD-A8C4-EA3082C1A5C3}.Release|Mixed Platforms.ActiveCfg = Release|Any CPU
		{33A77EBA-C5FF-44CD-A8C4-EA3082C1A5C3}.Release|Mixed Platforms.Build.0 = Release|Any CPU
		{66FA0406-4697-46B8-AA2E-F01802AC510C}.Debug|.NET.ActiveCfg = Debug|Any CPU
		{66FA0406-4697-46B8-AA2E-F01802AC510C}.Debug|Any CPU.ActiveCfg = Debug|Any CPU
		{66FA0406-4697-46B8-AA2E-F01802AC510C}.Debug|Any CPU.Build.0 = Debug|Any CPU
		{66FA0406-4697-46B8-AA2E-F01802AC510C}.Debug|Mixed Platforms.ActiveCfg = Debug|Any CPU
		{66FA0406-4697-46B8-AA2E-F01802AC510C}.Debug|Mixed Platforms.Build.0 = Debug|Any CPU
		{66FA0406-4697-46B8-AA2E-F01802AC510C}.Release|.NET.ActiveCfg = Release|Any CPU
		{66FA0406-4697-46B8-AA2E-F01802AC510C}.Release|Any CPU.ActiveCfg = Release|Any CPU
		{66FA0406-4697-46B8-AA2E-F01802AC510C}.Release|Any CPU.Build.0 = Release|Any CPU
		{66FA0406-4697-46B8-AA2E-F01802AC510C}.Release|Mixed Platforms.ActiveCfg = Release|Any CPU
		{66FA0406-4697-46B8-AA2E-F01802AC510C}.Release|Mixed Platforms.Build.0 = Release|Any CPU
		{97BFC9FF-DB20-4465-8FF0-6FB8CD4B0080}.Debug|.NET.ActiveCfg = Debug|Any CPU
		{97BFC9FF-DB20-4465-8FF0-6FB8CD4B0080}.Debug|Any CPU.ActiveCfg = Debug|Any CPU
		{97BFC9FF-DB20-4465-8FF0-6FB8CD4B0080}.Debug|Any CPU.Build.0 = Debug|Any CPU
		{97BFC9FF-DB20-4465-8FF0-6FB8CD4B0080}.Debug|Mixed Platforms.ActiveCfg = Debug|Any CPU
		{97BFC9FF-DB20-4465-8FF0-6FB8CD4B0080}.Debug|Mixed Platforms.Build.0 = Debug|Any CPU
		{97BFC9FF-DB20-4465-8FF0-6FB8CD4B0080}.Release|.NET.ActiveCfg = Release|Any CPU
		{97BFC9FF-DB20-4465-8FF0-6FB8CD4B0080}.Release|Any CPU.ActiveCfg = Release|Any CPU
		{97BFC9FF-DB20-4465-8FF0-6FB8CD4B0080}.Release|Any CPU.Build.0 = Release|Any CPU
		{97BFC9FF-DB20-4465-8FF0-6FB8CD4B0080}.Release|Mixed Platforms.ActiveCfg = Release|Any CPU
		{97BFC9FF-DB20-4465-8FF0-6FB8CD4B0080}.Release|Mixed Platforms.Build.0 = Release|Any CPU
		{B00F7C13-0DE1-48F4-BC78-F9FB6F367980}.Debug|.NET.ActiveCfg = Debug|Any CPU
		{B00F7C13-0DE1-48F4-BC78-F9FB6F367980}.Debug|Any CPU.ActiveCfg = Debug|Any CPU
		{B00F7C13-0DE1-48F4-BC78-F9FB6F367980}.Debug|Any CPU.Build.0 = Debug|Any CPU
		{B00F7C13-0DE1-48F4-BC78-F9FB6F367980}.Debug|Mixed Platforms.ActiveCfg = Debug|Any CPU
		{B00F7C13-0DE1-48F4-BC78-F9FB6F367980}.Debug|Mixed Platforms.Build.0 = Debug|Any CPU
		{B00F7C13-0DE1-48F4-BC78-F9FB6F367980}.Release|.NET.ActiveCfg = Release|Any CPU
		{B00F7C13-0DE1-48F4-BC78-F9FB6F367980}.Release|Any CPU.ActiveCfg = Release|Any CPU
		{B00F7C13-0DE1-48F4-BC78-F9FB6F367980}.Release|Any CPU.Build.0 = Release|Any CPU
		{B00F7C13-0DE1-48F4-BC78-F9FB6F367980}.Release|Mixed Platforms.ActiveCfg = Release|Any CPU
		{B00F7C13-0DE1-48F4-BC78-F9FB6F367980}.Release|Mixed Platforms.Build.0 = Release|Any CPU
		{FCD098CA-ADD1-4CBA-8320-C3D764831A6A}.Debug|.NET.ActiveCfg = Debug|Any CPU
		{FCD098CA-ADD1-4CBA-8320-C3D764831A6A}.Debug|Any CPU.ActiveCfg = Debug|Any CPU
		{FCD098CA-ADD1-4CBA-8320-C3D764831A6A}.Debug|Any CPU.Build.0 = Debug|Any CPU
		{FCD098CA-ADD1-4CBA-8320-C3D764831A6A}.Debug|Mixed Platforms.ActiveCfg = Debug|Any CPU
		{FCD098CA-ADD1-4CBA-8320-C3D764831A6A}.Debug|Mixed Platforms.Build.0 = Debug|Any CPU
		{FCD098CA-ADD1-4CBA-8320-C3D764831A6A}.Release|.NET.ActiveCfg = Release|Any CPU
		{FCD098CA-ADD1-4CBA-8320-C3D764831A6A}.Release|Any CPU.ActiveCfg = Release|Any CPU
		{FCD098CA-ADD1-4CBA-8320-C3D764831A6A}.Release|Any CPU.Build.0 = Release|Any CPU
		{FCD098CA-ADD1-4CBA-8320-C3D764831A6A}.Release|Mixed Platforms.ActiveCfg = Release|Any CPU
		{FCD098CA-ADD1-4CBA-8320-C3D764831A6A}.Release|Mixed Platforms.Build.0 = Release|Any CPU
		{2DF1BE7A-3C46-4E0E-AD26-DAA0D7781A01}.Debug|.NET.ActiveCfg = Debug|Any CPU
		{2DF1BE7A-3C46-4E0E-AD26-DAA0D7781A01}.Debug|Any CPU.ActiveCfg = Debug|Any CPU
		{2DF1BE7A-3C46-4E0E-AD26-DAA0D7781A01}.Debug|Any CPU.Build.0 = Debug|Any CPU
		{2DF1BE7A-3C46-4E0E-AD26-DAA0D7781A01}.Debug|Mixed Platforms.ActiveCfg = Debug|Any CPU
		{2DF1BE7A-3C46-4E0E-AD26-DAA0D7781A01}.Debug|Mixed Platforms.Build.0 = Debug|Any CPU
		{2DF1BE7A-3C46-4E0E-AD26-DAA0D7781A01}.Release|.NET.ActiveCfg = Release|Any CPU
		{2DF1BE7A-3C46-4E0E-AD26-DAA0D7781A01}.Release|Any CPU.ActiveCfg = Release|Any CPU
		{2DF1BE7A-3C46-4E0E-AD26-DAA0D7781A01}.Release|Any CPU.Build.0 = Release|Any CPU
		{2DF1BE7A-3C46-4E0E-AD26-DAA0D7781A01}.Release|Mixed Platforms.ActiveCfg = Release|Any CPU
		{2DF1BE7A-3C46-4E0E-AD26-DAA0D7781A01}.Release|Mixed Platforms.Build.0 = Release|Any CPU
		{EEA2CCE5-E402-4C0C-8CCA-83C610317343}.Debug|.NET.ActiveCfg = Debug|.NET
		{EEA2CCE5-E402-4C0C-8CCA-83C610317343}.Debug|.NET.Build.0 = Debug|.NET
		{EEA2CCE5-E402-4C0C-8CCA-83C610317343}.Debug|Any CPU.ActiveCfg = Debug|.NET
		{EEA2CCE5-E402-4C0C-8CCA-83C610317343}.Debug|Mixed Platforms.ActiveCfg = Debug|.NET
		{EEA2CCE5-E402-4C0C-8CCA-83C610317343}.Debug|Mixed Platforms.Build.0 = Debug|.NET
		{EEA2CCE5-E402-4C0C-8CCA-83C610317343}.Release|.NET.ActiveCfg = Debug|.NET
		{EEA2CCE5-E402-4C0C-8CCA-83C610317343}.Release|.NET.Build.0 = Debug|.NET
		{EEA2CCE5-E402-4C0C-8CCA-83C610317343}.Release|Any CPU.ActiveCfg = Debug|.NET
		{EEA2CCE5-E402-4C0C-8CCA-83C610317343}.Release|Mixed Platforms.ActiveCfg = Debug|.NET
		{EEA2CCE5-E402-4C0C-8CCA-83C610317343}.Release|Mixed Platforms.Build.0 = Debug|.NET
		{EC82C57F-AB89-425C-AF26-1C970D970DF9}.Debug|.NET.ActiveCfg = Debug
		{EC82C57F-AB89-425C-AF26-1C970D970DF9}.Debug|Any CPU.ActiveCfg = Debug
		{EC82C57F-AB89-425C-AF26-1C970D970DF9}.Debug|Mixed Platforms.ActiveCfg = Debug
		{EC82C57F-AB89-425C-AF26-1C970D970DF9}.Release|.NET.ActiveCfg = Release
		{EC82C57F-AB89-425C-AF26-1C970D970DF9}.Release|Any CPU.ActiveCfg = Release
		{EC82C57F-AB89-425C-AF26-1C970D970DF9}.Release|Mixed Platforms.ActiveCfg = Release
		{278A2DC3-7FE2-43E6-A360-8CA7473BF133}.Debug|.NET.ActiveCfg = Debug|Any CPU
		{278A2DC3-7FE2-43E6-A360-8CA7473BF133}.Debug|Any CPU.ActiveCfg = Debug|Any CPU
		{278A2DC3-7FE2-43E6-A360-8CA7473BF133}.Debug|Any CPU.Build.0 = Debug|Any CPU
		{278A2DC3-7FE2-43E6-A360-8CA7473BF133}.Debug|Mixed Platforms.ActiveCfg = Debug|Any CPU
		{278A2DC3-7FE2-43E6-A360-8CA7473BF133}.Debug|Mixed Platforms.Build.0 = Debug|Any CPU
		{278A2DC3-7FE2-43E6-A360-8CA7473BF133}.Release|.NET.ActiveCfg = Release|Any CPU
		{278A2DC3-7FE2-43E6-A360-8CA7473BF133}.Release|Any CPU.ActiveCfg = Release|Any CPU
		{278A2DC3-7FE2-43E6-A360-8CA7473BF133}.Release|Any CPU.Build.0 = Release|Any CPU
		{278A2DC3-7FE2-43E6-A360-8CA7473BF133}.Release|Mixed Platforms.ActiveCfg = Release|Any CPU
		{278A2DC3-7FE2-43E6-A360-8CA7473BF133}.Release|Mixed Platforms.Build.0 = Release|Any CPU
	EndGlobalSection
	GlobalSection(SolutionProperties) = preSolution
		HideSolutionNode = FALSE
	EndGlobalSection
	GlobalSection(SubversionScc) = preSolution
		Svn-Managed = True
		Manager = AnkhSVN - Subversion Support for Visual Studio
	EndGlobalSection
EndGlobal
