
Microsoft Visual Studio Solution File, Format Version 10.00
# Visual Studio 2008
Project("{FAE04EC0-301F-11D3-BF4B-00C04F79EFBC}") = "Ilsrep.Kiosk", "Ilsrep.Kiosk\Ilsrep.Kiosk.csproj", "{88308CB6-E855-4A62-9C7B-4CB20FCF7C2B}"
EndProject
Project("{FAE04EC0-301F-11D3-BF4B-00C04F79EFBC}") = "Ilsrep.Wizard", "Ilsrep.Wizard\Ilsrep.Wizard.csproj", "{B2E93CA0-AFAE-48E0-B965-363959463FA6}"
EndProject
Project("{FAE04EC0-301F-11D3-BF4B-00C04F79EFBC}") = "KioskBrowser", "KioskBrowser\KioskBrowser.csproj", "{26AFD387-BD32-4D06-993C-BC372ADC24E4}"
EndProject
Project("{FAE04EC0-301F-11D3-BF4B-00C04F79EFBC}") = "Ilsrep.Kiosk.Protocol", "Ilsrep.Kiosk.Protocol\Ilsrep.Kiosk.Protocol.csproj", "{31DD1BDC-0F3D-472F-A294-063D6B36791A}"
EndProject
Global
	GlobalSection(SolutionConfigurationPlatforms) = preSolution
		Debug|Any CPU = Debug|Any CPU
		Release|Any CPU = Release|Any CPU
	EndGlobalSection
	GlobalSection(ProjectConfigurationPlatforms) = postSolution
		{88308CB6-E855-4A62-9C7B-4CB20FCF7C2B}.Debug|Any CPU.ActiveCfg = Debug|Any CPU
		{88308CB6-E855-4A62-9C7B-4CB20FCF7C2B}.Debug|Any CPU.Build.0 = Debug|Any CPU
		{88308CB6-E855-4A62-9C7B-4CB20FCF7C2B}.Release|Any CPU.ActiveCfg = Release|Any CPU
		{88308CB6-E855-4A62-9C7B-4CB20FCF7C2B}.Release|Any CPU.Build.0 = Release|Any CPU
		{B2E93CA0-AFAE-48E0-B965-363959463FA6}.Debug|Any CPU.ActiveCfg = Debug|Any CPU
		{B2E93CA0-AFAE-48E0-B965-363959463FA6}.Debug|Any CPU.Build.0 = Debug|Any CPU
		{B2E93CA0-AFAE-48E0-B965-363959463FA6}.Release|Any CPU.ActiveCfg = Release|Any CPU
		{B2E93CA0-AFAE-48E0-B965-363959463FA6}.Release|Any CPU.Build.0 = Release|Any CPU
		{26AFD387-BD32-4D06-993C-BC372ADC24E4}.Debug|Any CPU.ActiveCfg = Debug|Any CPU
		{26AFD387-BD32-4D06-993C-BC372ADC24E4}.Debug|Any CPU.Build.0 = Debug|Any CPU
		{26AFD387-BD32-4D06-993C-BC372ADC24E4}.Release|Any CPU.ActiveCfg = Release|Any CPU
		{26AFD387-BD32-4D06-993C-BC372ADC24E4}.Release|Any CPU.Build.0 = Release|Any CPU
		{31DD1BDC-0F3D-472F-A294-063D6B36791A}.Debug|Any CPU.ActiveCfg = Debug|Any CPU
		{31DD1BDC-0F3D-472F-A294-063D6B36791A}.Debug|Any CPU.Build.0 = Debug|Any CPU
		{31DD1BDC-0F3D-472F-A294-063D6B36791A}.Release|Any CPU.ActiveCfg = Release|Any CPU
		{31DD1BDC-0F3D-472F-A294-063D6B36791A}.Release|Any CPU.Build.0 = Release|Any CPU
	EndGlobalSection
	GlobalSection(SolutionProperties) = preSolution
		HideSolutionNode = FALSE
	EndGlobalSection
EndGlobal
